
Microsoft Visual Studio Solution File, Format Version 12.00
# Visual Studio Version 17
VisualStudioVersion = 17.9.34607.119
MinimumVisualStudioVersion = 10.0.40219.1
Project("{FAE04EC0-301F-11D3-BF4B-00C04F79EFBC}") = "PGenV1", "PGenV1.csproj", "{76138E0E-8A1C-4EDA-B766-684B06671CC8}"
EndProject
Global
	GlobalSection(SolutionConfigurationPlatforms) = preSolution
		Debug|Any CPU = Debug|Any CPU
		Release|Any CPU = Release|Any CPU
	EndGlobalSection
	GlobalSection(ProjectConfigurationPlatforms) = postSolution
		{76138E0E-8A1C-4EDA-B766-684B06671CC8}.Debug|Any CPU.ActiveCfg = Debug|Any CPU
		{76138E0E-8A1C-4EDA-B766-684B06671CC8}.Debug|Any CPU.Build.0 = Debug|Any CPU
		{76138E0E-8A1C-4EDA-B766-684B06671CC8}.Release|Any CPU.ActiveCfg = Release|Any CPU
		{76138E0E-8A1C-4EDA-B766-684B06671CC8}.Release|Any CPU.Build.0 = Release|Any CPU
	EndGlobalSection
	GlobalSection(SolutionProperties) = preSolution
		HideSolutionNode = FALSE
	EndGlobalSection
	GlobalSection(ExtensibilityGlobals) = postSolution
		SolutionGuid = {158A6A75-15F9-4586-BB48-98A8E9E9BD52}
	EndGlobalSection
EndGlobal
